
Microsoft Visual Studio Solution File, Format Version 12.00
# Visual Studio Version 17
VisualStudioVersion = 17.11.35327.3
MinimumVisualStudioVersion = 10.0.40219.1
Project("{FAE04EC0-301F-11D3-BF4B-00C04F79EFBC}") = "Day 1", "Day 1\Day 1.csproj", "{A9DC6920-9C0E-43C9-AC9D-4C9AADB7030D}"
EndProject
Project("{FAE04EC0-301F-11D3-BF4B-00C04F79EFBC}") = "Day 2", "Day 2\Day 2.csproj", "{D15625CF-A871-4FEE-ABBC-96BFB9D670C2}"
EndProject
Global
	GlobalSection(SolutionConfigurationPlatforms) = preSolution
		Debug|Any CPU = Debug|Any CPU
		Release|Any CPU = Release|Any CPU
	EndGlobalSection
	GlobalSection(ProjectConfigurationPlatforms) = postSolution
		{A9DC6920-9C0E-43C9-AC9D-4C9AADB7030D}.Debug|Any CPU.ActiveCfg = Debug|Any CPU
		{A9DC6920-9C0E-43C9-AC9D-4C9AADB7030D}.Debug|Any CPU.Build.0 = Debug|Any CPU
		{A9DC6920-9C0E-43C9-AC9D-4C9AADB7030D}.Release|Any CPU.ActiveCfg = Release|Any CPU
		{A9DC6920-9C0E-43C9-AC9D-4C9AADB7030D}.Release|Any CPU.Build.0 = Release|Any CPU
		{D15625CF-A871-4FEE-ABBC-96BFB9D670C2}.Debug|Any CPU.ActiveCfg = Debug|Any CPU
		{D15625CF-A871-4FEE-ABBC-96BFB9D670C2}.Debug|Any CPU.Build.0 = Debug|Any CPU
		{D15625CF-A871-4FEE-ABBC-96BFB9D670C2}.Release|Any CPU.ActiveCfg = Release|Any CPU
		{D15625CF-A871-4FEE-ABBC-96BFB9D670C2}.Release|Any CPU.Build.0 = Release|Any CPU
	EndGlobalSection
	GlobalSection(SolutionProperties) = preSolution
		HideSolutionNode = FALSE
	EndGlobalSection
	GlobalSection(ExtensibilityGlobals) = postSolution
		SolutionGuid = {7340E93F-CFDB-42DE-BB21-CC3DE3310F88}
	EndGlobalSection
EndGlobal
