
Microsoft Visual Studio Solution File, Format Version 12.00
# Visual Studio Version 17
VisualStudioVersion = 17.11.35327.3
MinimumVisualStudioVersion = 10.0.40219.1
Project("{FAE04EC0-301F-11D3-BF4B-00C04F79EFBC}") = "Day 1", "Day 1\Day 1.csproj", "{A9DC6920-9C0E-43C9-AC9D-4C9AADB7030D}"
EndProject
Project("{FAE04EC0-301F-11D3-BF4B-00C04F79EFBC}") = "Day 2", "Day 2\Day 2.csproj", "{D15625CF-A871-4FEE-ABBC-96BFB9D670C2}"
EndProject
Project("{FAE04EC0-301F-11D3-BF4B-00C04F79EFBC}") = "Day 3", "Day 3\Day 3.csproj", "{BAA90209-7560-4542-958F-CEFC535D12BD}"
EndProject
Project("{FAE04EC0-301F-11D3-BF4B-00C04F79EFBC}") = "Day 4", "Day 4\Day 4.csproj", "{2DEB5E5C-A4A5-4FFE-B1F9-A00E6ED5C0F6}"
EndProject
Project("{FAE04EC0-301F-11D3-BF4B-00C04F79EFBC}") = "Day 5", "Day 5\Day 5.csproj", "{843A7C4C-7DBA-46EC-8EF1-634A07AC48BA}"
EndProject
Project("{FAE04EC0-301F-11D3-BF4B-00C04F79EFBC}") = "Day 6", "Day 6\Day 6.csproj", "{2135F2A6-F931-4A92-AF16-01F92FF4AA6B}"
EndProject
Project("{FAE04EC0-301F-11D3-BF4B-00C04F79EFBC}") = "Day 7", "Day 7\Day 7.csproj", "{01EEE262-6A4D-4453-B3D8-4C72A3F658BD}"
EndProject
Project("{FAE04EC0-301F-11D3-BF4B-00C04F79EFBC}") = "Day 8", "Day 8\Day 8.csproj", "{117234C4-0DDD-4785-BC4F-392AD8BC0C84}"
EndProject
Project("{FAE04EC0-301F-11D3-BF4B-00C04F79EFBC}") = "Day 9", "Day 9\Day 9.csproj", "{2AC41014-9DF6-4E19-9746-B176607A03A6}"
EndProject
Project("{FAE04EC0-301F-11D3-BF4B-00C04F79EFBC}") = "Day 10", "Day 10\Day 10.csproj", "{4900F93B-2852-45B9-A1B3-0D8FBF5B522F}"
EndProject
Project("{FAE04EC0-301F-11D3-BF4B-00C04F79EFBC}") = "Day 11", "Day 11\Day 11.csproj", "{9AC7638E-538A-4E93-94CC-D7BEBF204945}"
EndProject
Project("{FAE04EC0-301F-11D3-BF4B-00C04F79EFBC}") = "Day 13", "Day 13\Day 13.csproj", "{7A771754-FB75-4D03-A023-7E4DBF2C83FD}"
EndProject
Project("{FAE04EC0-301F-11D3-BF4B-00C04F79EFBC}") = "Day 14", "Day 14\Day 14.csproj", "{87C8291C-18A4-41D3-B444-3935482B4FD5}"
EndProject
Project("{FAE04EC0-301F-11D3-BF4B-00C04F79EFBC}") = "Day 15", "Day 15\Day 15.csproj", "{4D3EE192-7FDC-4F95-AFE1-8B6B415BBEA0}"
EndProject
Project("{FAE04EC0-301F-11D3-BF4B-00C04F79EFBC}") = "Day 16", "Day 16\Day 16.csproj", "{6100C9A2-60DB-4F2F-A8DD-479B82D4D837}"
EndProject
Project("{FAE04EC0-301F-11D3-BF4B-00C04F79EFBC}") = "Day 17", "Day 17\Day 17.csproj", "{64DE6442-6E32-49F9-906C-C41613F7EBC2}"
EndProject
Project("{FAE04EC0-301F-11D3-BF4B-00C04F79EFBC}") = "Day 18", "Day 18\Day 18.csproj", "{30626998-3E77-463B-AE8C-A9819E555BA4}"
EndProject
Project("{FAE04EC0-301F-11D3-BF4B-00C04F79EFBC}") = "Day 16 (alternative)", "Day 16 (alternative)\Day 16 (alternative).csproj", "{0270524F-27D4-4EAA-B65B-7D188952D311}"
EndProject
Project("{FAE04EC0-301F-11D3-BF4B-00C04F79EFBC}") = "Day 19", "Day 19\Day 19.csproj", "{6D160677-75C6-447A-AE0B-7074D4B98DCA}"
EndProject
Project("{FAE04EC0-301F-11D3-BF4B-00C04F79EFBC}") = "Day 12", "Day 12\Day 12.csproj", "{7B0B1E91-A666-4E6E-8E69-2D7629166EEB}"
EndProject
Global
	GlobalSection(SolutionConfigurationPlatforms) = preSolution
		Debug|Any CPU = Debug|Any CPU
		Release|Any CPU = Release|Any CPU
	EndGlobalSection
	GlobalSection(ProjectConfigurationPlatforms) = postSolution
		{A9DC6920-9C0E-43C9-AC9D-4C9AADB7030D}.Debug|Any CPU.ActiveCfg = Debug|Any CPU
		{A9DC6920-9C0E-43C9-AC9D-4C9AADB7030D}.Debug|Any CPU.Build.0 = Debug|Any CPU
		{A9DC6920-9C0E-43C9-AC9D-4C9AADB7030D}.Release|Any CPU.ActiveCfg = Release|Any CPU
		{A9DC6920-9C0E-43C9-AC9D-4C9AADB7030D}.Release|Any CPU.Build.0 = Release|Any CPU
		{D15625CF-A871-4FEE-ABBC-96BFB9D670C2}.Debug|Any CPU.ActiveCfg = Debug|Any CPU
		{D15625CF-A871-4FEE-ABBC-96BFB9D670C2}.Debug|Any CPU.Build.0 = Debug|Any CPU
		{D15625CF-A871-4FEE-ABBC-96BFB9D670C2}.Release|Any CPU.ActiveCfg = Release|Any CPU
		{D15625CF-A871-4FEE-ABBC-96BFB9D670C2}.Release|Any CPU.Build.0 = Release|Any CPU
		{BAA90209-7560-4542-958F-CEFC535D12BD}.Debug|Any CPU.ActiveCfg = Debug|Any CPU
		{BAA90209-7560-4542-958F-CEFC535D12BD}.Debug|Any CPU.Build.0 = Debug|Any CPU
		{BAA90209-7560-4542-958F-CEFC535D12BD}.Release|Any CPU.ActiveCfg = Release|Any CPU
		{BAA90209-7560-4542-958F-CEFC535D12BD}.Release|Any CPU.Build.0 = Release|Any CPU
		{2DEB5E5C-A4A5-4FFE-B1F9-A00E6ED5C0F6}.Debug|Any CPU.ActiveCfg = Debug|Any CPU
		{2DEB5E5C-A4A5-4FFE-B1F9-A00E6ED5C0F6}.Debug|Any CPU.Build.0 = Debug|Any CPU
		{2DEB5E5C-A4A5-4FFE-B1F9-A00E6ED5C0F6}.Release|Any CPU.ActiveCfg = Release|Any CPU
		{2DEB5E5C-A4A5-4FFE-B1F9-A00E6ED5C0F6}.Release|Any CPU.Build.0 = Release|Any CPU
		{843A7C4C-7DBA-46EC-8EF1-634A07AC48BA}.Debug|Any CPU.ActiveCfg = Debug|Any CPU
		{843A7C4C-7DBA-46EC-8EF1-634A07AC48BA}.Debug|Any CPU.Build.0 = Debug|Any CPU
		{843A7C4C-7DBA-46EC-8EF1-634A07AC48BA}.Release|Any CPU.ActiveCfg = Release|Any CPU
		{843A7C4C-7DBA-46EC-8EF1-634A07AC48BA}.Release|Any CPU.Build.0 = Release|Any CPU
		{2135F2A6-F931-4A92-AF16-01F92FF4AA6B}.Debug|Any CPU.ActiveCfg = Debug|Any CPU
		{2135F2A6-F931-4A92-AF16-01F92FF4AA6B}.Debug|Any CPU.Build.0 = Debug|Any CPU
		{2135F2A6-F931-4A92-AF16-01F92FF4AA6B}.Release|Any CPU.ActiveCfg = Release|Any CPU
		{2135F2A6-F931-4A92-AF16-01F92FF4AA6B}.Release|Any CPU.Build.0 = Release|Any CPU
		{01EEE262-6A4D-4453-B3D8-4C72A3F658BD}.Debug|Any CPU.ActiveCfg = Debug|Any CPU
		{01EEE262-6A4D-4453-B3D8-4C72A3F658BD}.Debug|Any CPU.Build.0 = Debug|Any CPU
		{01EEE262-6A4D-4453-B3D8-4C72A3F658BD}.Release|Any CPU.ActiveCfg = Release|Any CPU
		{01EEE262-6A4D-4453-B3D8-4C72A3F658BD}.Release|Any CPU.Build.0 = Release|Any CPU
		{117234C4-0DDD-4785-BC4F-392AD8BC0C84}.Debug|Any CPU.ActiveCfg = Debug|Any CPU
		{117234C4-0DDD-4785-BC4F-392AD8BC0C84}.Debug|Any CPU.Build.0 = Debug|Any CPU
		{117234C4-0DDD-4785-BC4F-392AD8BC0C84}.Release|Any CPU.ActiveCfg = Release|Any CPU
		{117234C4-0DDD-4785-BC4F-392AD8BC0C84}.Release|Any CPU.Build.0 = Release|Any CPU
		{2AC41014-9DF6-4E19-9746-B176607A03A6}.Debug|Any CPU.ActiveCfg = Debug|Any CPU
		{2AC41014-9DF6-4E19-9746-B176607A03A6}.Debug|Any CPU.Build.0 = Debug|Any CPU
		{2AC41014-9DF6-4E19-9746-B176607A03A6}.Release|Any CPU.ActiveCfg = Release|Any CPU
		{2AC41014-9DF6-4E19-9746-B176607A03A6}.Release|Any CPU.Build.0 = Release|Any CPU
		{4900F93B-2852-45B9-A1B3-0D8FBF5B522F}.Debug|Any CPU.ActiveCfg = Debug|Any CPU
		{4900F93B-2852-45B9-A1B3-0D8FBF5B522F}.Debug|Any CPU.Build.0 = Debug|Any CPU
		{4900F93B-2852-45B9-A1B3-0D8FBF5B522F}.Release|Any CPU.ActiveCfg = Release|Any CPU
		{4900F93B-2852-45B9-A1B3-0D8FBF5B522F}.Release|Any CPU.Build.0 = Release|Any CPU
		{9AC7638E-538A-4E93-94CC-D7BEBF204945}.Debug|Any CPU.ActiveCfg = Debug|Any CPU
		{9AC7638E-538A-4E93-94CC-D7BEBF204945}.Debug|Any CPU.Build.0 = Debug|Any CPU
		{9AC7638E-538A-4E93-94CC-D7BEBF204945}.Release|Any CPU.ActiveCfg = Release|Any CPU
		{9AC7638E-538A-4E93-94CC-D7BEBF204945}.Release|Any CPU.Build.0 = Release|Any CPU
		{7A771754-FB75-4D03-A023-7E4DBF2C83FD}.Debug|Any CPU.ActiveCfg = Debug|Any CPU
		{7A771754-FB75-4D03-A023-7E4DBF2C83FD}.Debug|Any CPU.Build.0 = Debug|Any CPU
		{7A771754-FB75-4D03-A023-7E4DBF2C83FD}.Release|Any CPU.ActiveCfg = Release|Any CPU
		{7A771754-FB75-4D03-A023-7E4DBF2C83FD}.Release|Any CPU.Build.0 = Release|Any CPU
		{87C8291C-18A4-41D3-B444-3935482B4FD5}.Debug|Any CPU.ActiveCfg = Debug|Any CPU
		{87C8291C-18A4-41D3-B444-3935482B4FD5}.Debug|Any CPU.Build.0 = Debug|Any CPU
		{87C8291C-18A4-41D3-B444-3935482B4FD5}.Release|Any CPU.ActiveCfg = Release|Any CPU
		{87C8291C-18A4-41D3-B444-3935482B4FD5}.Release|Any CPU.Build.0 = Release|Any CPU
		{4D3EE192-7FDC-4F95-AFE1-8B6B415BBEA0}.Debug|Any CPU.ActiveCfg = Debug|Any CPU
		{4D3EE192-7FDC-4F95-AFE1-8B6B415BBEA0}.Debug|Any CPU.Build.0 = Debug|Any CPU
		{4D3EE192-7FDC-4F95-AFE1-8B6B415BBEA0}.Release|Any CPU.ActiveCfg = Release|Any CPU
		{4D3EE192-7FDC-4F95-AFE1-8B6B415BBEA0}.Release|Any CPU.Build.0 = Release|Any CPU
		{6100C9A2-60DB-4F2F-A8DD-479B82D4D837}.Debug|Any CPU.ActiveCfg = Debug|Any CPU
		{6100C9A2-60DB-4F2F-A8DD-479B82D4D837}.Debug|Any CPU.Build.0 = Debug|Any CPU
		{6100C9A2-60DB-4F2F-A8DD-479B82D4D837}.Release|Any CPU.ActiveCfg = Release|Any CPU
		{6100C9A2-60DB-4F2F-A8DD-479B82D4D837}.Release|Any CPU.Build.0 = Release|Any CPU
		{64DE6442-6E32-49F9-906C-C41613F7EBC2}.Debug|Any CPU.ActiveCfg = Debug|Any CPU
		{64DE6442-6E32-49F9-906C-C41613F7EBC2}.Debug|Any CPU.Build.0 = Debug|Any CPU
		{64DE6442-6E32-49F9-906C-C41613F7EBC2}.Release|Any CPU.ActiveCfg = Release|Any CPU
		{64DE6442-6E32-49F9-906C-C41613F7EBC2}.Release|Any CPU.Build.0 = Release|Any CPU
		{30626998-3E77-463B-AE8C-A9819E555BA4}.Debug|Any CPU.ActiveCfg = Debug|Any CPU
		{30626998-3E77-463B-AE8C-A9819E555BA4}.Debug|Any CPU.Build.0 = Debug|Any CPU
		{30626998-3E77-463B-AE8C-A9819E555BA4}.Release|Any CPU.ActiveCfg = Release|Any CPU
		{30626998-3E77-463B-AE8C-A9819E555BA4}.Release|Any CPU.Build.0 = Release|Any CPU
		{0270524F-27D4-4EAA-B65B-7D188952D311}.Debug|Any CPU.ActiveCfg = Debug|Any CPU
		{0270524F-27D4-4EAA-B65B-7D188952D311}.Debug|Any CPU.Build.0 = Debug|Any CPU
		{0270524F-27D4-4EAA-B65B-7D188952D311}.Release|Any CPU.ActiveCfg = Release|Any CPU
		{0270524F-27D4-4EAA-B65B-7D188952D311}.Release|Any CPU.Build.0 = Release|Any CPU
		{6D160677-75C6-447A-AE0B-7074D4B98DCA}.Debug|Any CPU.ActiveCfg = Debug|Any CPU
		{6D160677-75C6-447A-AE0B-7074D4B98DCA}.Debug|Any CPU.Build.0 = Debug|Any CPU
		{6D160677-75C6-447A-AE0B-7074D4B98DCA}.Release|Any CPU.ActiveCfg = Release|Any CPU
		{6D160677-75C6-447A-AE0B-7074D4B98DCA}.Release|Any CPU.Build.0 = Release|Any CPU
		{7B0B1E91-A666-4E6E-8E69-2D7629166EEB}.Debug|Any CPU.ActiveCfg = Debug|Any CPU
		{7B0B1E91-A666-4E6E-8E69-2D7629166EEB}.Debug|Any CPU.Build.0 = Debug|Any CPU
		{7B0B1E91-A666-4E6E-8E69-2D7629166EEB}.Release|Any CPU.ActiveCfg = Release|Any CPU
		{7B0B1E91-A666-4E6E-8E69-2D7629166EEB}.Release|Any CPU.Build.0 = Release|Any CPU
	EndGlobalSection
	GlobalSection(SolutionProperties) = preSolution
		HideSolutionNode = FALSE
	EndGlobalSection
	GlobalSection(ExtensibilityGlobals) = postSolution
		SolutionGuid = {7340E93F-CFDB-42DE-BB21-CC3DE3310F88}
	EndGlobalSection
EndGlobal
